
Microsoft Visual Studio Solution File, Format Version 12.00
# Visual Studio 15
VisualStudioVersion = 15.0.28307.572
MinimumVisualStudioVersion = 10.0.40219.1
Project("{FAE04EC0-301F-11D3-BF4B-00C04F79EFBC}") = "Security.OAuth.JWT", "Security.OAuth.JWT\Security.OAuth.JWT.csproj", "{67D7B0A7-18EE-459D-8BFF-46CBBD1859BB}"
EndProject
Project("{FAE04EC0-301F-11D3-BF4B-00C04F79EFBC}") = "Secutity.IssuerJWT", "Secutity.IssuerJWT\Secutity.IssuerJWT.csproj", "{511C3BD6-905B-400C-870F-E1D0002A3BFC}"
EndProject
Global
	GlobalSection(SolutionConfigurationPlatforms) = preSolution
		Debug|Any CPU = Debug|Any CPU
		Release|Any CPU = Release|Any CPU
	EndGlobalSection
	GlobalSection(ProjectConfigurationPlatforms) = postSolution
		{67D7B0A7-18EE-459D-8BFF-46CBBD1859BB}.Debug|Any CPU.ActiveCfg = Debug|Any CPU
		{67D7B0A7-18EE-459D-8BFF-46CBBD1859BB}.Debug|Any CPU.Build.0 = Debug|Any CPU
		{67D7B0A7-18EE-459D-8BFF-46CBBD1859BB}.Release|Any CPU.ActiveCfg = Release|Any CPU
		{67D7B0A7-18EE-459D-8BFF-46CBBD1859BB}.Release|Any CPU.Build.0 = Release|Any CPU
		{511C3BD6-905B-400C-870F-E1D0002A3BFC}.Debug|Any CPU.ActiveCfg = Debug|Any CPU
		{511C3BD6-905B-400C-870F-E1D0002A3BFC}.Debug|Any CPU.Build.0 = Debug|Any CPU
		{511C3BD6-905B-400C-870F-E1D0002A3BFC}.Release|Any CPU.ActiveCfg = Release|Any CPU
		{511C3BD6-905B-400C-870F-E1D0002A3BFC}.Release|Any CPU.Build.0 = Release|Any CPU
	EndGlobalSection
	GlobalSection(SolutionProperties) = preSolution
		HideSolutionNode = FALSE
	EndGlobalSection
	GlobalSection(ExtensibilityGlobals) = postSolution
		SolutionGuid = {5857B611-FCAB-4F5C-AA0C-AA1B7DEA6E1B}
	EndGlobalSection
EndGlobal
